// !$*UTF8*$!
{
	archiveVersion = 1;
	classes = {
	};
	objectVersion = 46;
	objects = {

/* Begin PBXBuildFile section */
		8D3A0F021E5A235A00D94E04 /* AppDelegate.swift in Sources */ = {isa = PBXBuildFile; fileRef = 8D3A0F011E5A235A00D94E04 /* AppDelegate.swift */; };
		8D3A0F041E5A235A00D94E04 /* ViewController.swift in Sources */ = {isa = PBXBuildFile; fileRef = 8D3A0F031E5A235A00D94E04 /* ViewController.swift */; };
		8D3A0F071E5A235A00D94E04 /* Main.storyboard in Resources */ = {isa = PBXBuildFile; fileRef = 8D3A0F051E5A235A00D94E04 /* Main.storyboard */; };
		8D3A0F091E5A235A00D94E04 /* Assets.xcassets in Resources */ = {isa = PBXBuildFile; fileRef = 8D3A0F081E5A235A00D94E04 /* Assets.xcassets */; };
		8D3A0F0C1E5A235A00D94E04 /* LaunchScreen.storyboard in Resources */ = {isa = PBXBuildFile; fileRef = 8D3A0F0A1E5A235A00D94E04 /* LaunchScreen.storyboard */; };
		8D3A0F171E5A235A00D94E04 /* Ella_xcode_pageTests.swift in Sources */ = {isa = PBXBuildFile; fileRef = 8D3A0F161E5A235A00D94E04 /* Ella_xcode_pageTests.swift */; };
		8D3A0F221E5A235A00D94E04 /* Ella_xcode_pageUITests.swift in Sources */ = {isa = PBXBuildFile; fileRef = 8D3A0F211E5A235A00D94E04 /* Ella_xcode_pageUITests.swift */; };
/* End PBXBuildFile section */

/* Begin PBXContainerItemProxy section */
		8D3A0F131E5A235A00D94E04 /* PBXContainerItemProxy */ = {
			isa = PBXContainerItemProxy;
			containerPortal = 8D3A0EF61E5A235A00D94E04 /* Project object */;
			proxyType = 1;
			remoteGlobalIDString = 8D3A0EFD1E5A235A00D94E04;
			remoteInfo = "Ella xcode page";
		};
		8D3A0F1E1E5A235A00D94E04 /* PBXContainerItemProxy */ = {
			isa = PBXContainerItemProxy;
			containerPortal = 8D3A0EF61E5A235A00D94E04 /* Project object */;
			proxyType = 1;
			remoteGlobalIDString = 8D3A0EFD1E5A235A00D94E04;
			remoteInfo = "Ella xcode page";
		};
/* End PBXContainerItemProxy section */

/* Begin PBXFileReference section */
		8D3A0EFE1E5A235A00D94E04 /* Ella xcode page.app */ = {isa = PBXFileReference; explicitFileType = wrapper.application; includeInIndex = 0; path = "Ella xcode page.app"; sourceTree = BUILT_PRODUCTS_DIR; };
		8D3A0F011E5A235A00D94E04 /* AppDelegate.swift */ = {isa = PBXFileReference; lastKnownFileType = sourcecode.swift; path = AppDelegate.swift; sourceTree = "<group>"; };
		8D3A0F031E5A235A00D94E04 /* ViewController.swift */ = {isa = PBXFileReference; lastKnownFileType = sourcecode.swift; path = ViewController.swift; sourceTree = "<group>"; };
		8D3A0F061E5A235A00D94E04 /* Base */ = {isa = PBXFileReference; lastKnownFileType = file.storyboard; name = Base; path = Base.lproj/Main.storyboard; sourceTree = "<group>"; };
		8D3A0F081E5A235A00D94E04 /* Assets.xcassets */ = {isa = PBXFileReference; lastKnownFileType = folder.assetcatalog; path = Assets.xcassets; sourceTree = "<group>"; };
		8D3A0F0B1E5A235A00D94E04 /* Base */ = {isa = PBXFileReference; lastKnownFileType = file.storyboard; name = Base; path = Base.lproj/LaunchScreen.storyboard; sourceTree = "<group>"; };
		8D3A0F0D1E5A235A00D94E04 /* Info.plist */ = {isa = PBXFileReference; lastKnownFileType = text.plist.xml; path = Info.plist; sourceTree = "<group>"; };
		8D3A0F121E5A235A00D94E04 /* Ella xcode pageTests.xctest */ = {isa = PBXFileReference; explicitFileType = wrapper.cfbundle; includeInIndex = 0; path = "Ella xcode pageTests.xctest"; sourceTree = BUILT_PRODUCTS_DIR; };
		8D3A0F161E5A235A00D94E04 /* Ella_xcode_pageTests.swift */ = {isa = PBXFileReference; lastKnownFileType = sourcecode.swift; path = Ella_xcode_pageTests.swift; sourceTree = "<group>"; };
		8D3A0F181E5A235A00D94E04 /* Info.plist */ = {isa = PBXFileReference; lastKnownFileType = text.plist.xml; path = Info.plist; sourceTree = "<group>"; };
		8D3A0F1D1E5A235A00D94E04 /* Ella xcode pageUITests.xctest */ = {isa = PBXFileReference; explicitFileType = wrapper.cfbundle; includeInIndex = 0; path = "Ella xcode pageUITests.xctest"; sourceTree = BUILT_PRODUCTS_DIR; };
		8D3A0F211E5A235A00D94E04 /* Ella_xcode_pageUITests.swift */ = {isa = PBXFileReference; lastKnownFileType = sourcecode.swift; path = Ella_xcode_pageUITests.swift; sourceTree = "<group>"; };
		8D3A0F231E5A235A00D94E04 /* Info.plist */ = {isa = PBXFileReference; lastKnownFileType = text.plist.xml; path = Info.plist; sourceTree = "<group>"; };
/* End PBXFileReference section */

/* Begin PBXFrameworksBuildPhase section */
		8D3A0EFB1E5A235A00D94E04 /* Frameworks */ = {
			isa = PBXFrameworksBuildPhase;
			buildActionMask = 2147483647;
			files = (
			);
			runOnlyForDeploymentPostprocessing = 0;
		};
		8D3A0F0F1E5A235A00D94E04 /* Frameworks */ = {
			isa = PBXFrameworksBuildPhase;
			buildActionMask = 2147483647;
			files = (
			);
			runOnlyForDeploymentPostprocessing = 0;
		};
		8D3A0F1A1E5A235A00D94E04 /* Frameworks */ = {
			isa = PBXFrameworksBuildPhase;
			buildActionMask = 2147483647;
			files = (
			);
			runOnlyForDeploymentPostprocessing = 0;
		};
/* End PBXFrameworksBuildPhase section */

/* Begin PBXGroup section */
		8D3A0EF51E5A235A00D94E04 = {
			isa = PBXGroup;
			children = (
				8D3A0F001E5A235A00D94E04 /* Ella xcode page */,
				8D3A0F151E5A235A00D94E04 /* Ella xcode pageTests */,
				8D3A0F201E5A235A00D94E04 /* Ella xcode pageUITests */,
				8D3A0EFF1E5A235A00D94E04 /* Products */,
			);
			sourceTree = "<group>";
		};
		8D3A0EFF1E5A235A00D94E04 /* Products */ = {
			isa = PBXGroup;
			children = (
				8D3A0EFE1E5A235A00D94E04 /* Ella xcode page.app */,
				8D3A0F121E5A235A00D94E04 /* Ella xcode pageTests.xctest */,
				8D3A0F1D1E5A235A00D94E04 /* Ella xcode pageUITests.xctest */,
			);
			name = Products;
			sourceTree = "<group>";
		};
		8D3A0F001E5A235A00D94E04 /* Ella xcode page */ = {
			isa = PBXGroup;
			children = (
				8D3A0F011E5A235A00D94E04 /* AppDelegate.swift */,
				8D3A0F031E5A235A00D94E04 /* ViewController.swift */,
				8D3A0F051E5A235A00D94E04 /* Main.storyboard */,
				8D3A0F081E5A235A00D94E04 /* Assets.xcassets */,
				8D3A0F0A1E5A235A00D94E04 /* LaunchScreen.storyboard */,
				8D3A0F0D1E5A235A00D94E04 /* Info.plist */,
			);
			path = "Ella xcode page";
			sourceTree = "<group>";
		};
		8D3A0F151E5A235A00D94E04 /* Ella xcode pageTests */ = {
			isa = PBXGroup;
			children = (
				8D3A0F161E5A235A00D94E04 /* Ella_xcode_pageTests.swift */,
				8D3A0F181E5A235A00D94E04 /* Info.plist */,
			);
			path = "Ella xcode pageTests";
			sourceTree = "<group>";
		};
		8D3A0F201E5A235A00D94E04 /* Ella xcode pageUITests */ = {
			isa = PBXGroup;
			children = (
				8D3A0F211E5A235A00D94E04 /* Ella_xcode_pageUITests.swift */,
				8D3A0F231E5A235A00D94E04 /* Info.plist */,
			);
			path = "Ella xcode pageUITests";
			sourceTree = "<group>";
		};
/* End PBXGroup section */

/* Begin PBXNativeTarget section */
		8D3A0EFD1E5A235A00D94E04 /* Ella xcode page */ = {
			isa = PBXNativeTarget;
			buildConfigurationList = 8D3A0F261E5A235B00D94E04 /* Build configuration list for PBXNativeTarget "Ella xcode page" */;
			buildPhases = (
				8D3A0EFA1E5A235A00D94E04 /* Sources */,
				8D3A0EFB1E5A235A00D94E04 /* Frameworks */,
				8D3A0EFC1E5A235A00D94E04 /* Resources */,
			);
			buildRules = (
			);
			dependencies = (
			);
			name = "Ella xcode page";
			productName = "Ella xcode page";
			productReference = 8D3A0EFE1E5A235A00D94E04 /* Ella xcode page.app */;
			productType = "com.apple.product-type.application";
		};
		8D3A0F111E5A235A00D94E04 /* Ella xcode pageTests */ = {
			isa = PBXNativeTarget;
			buildConfigurationList = 8D3A0F291E5A235B00D94E04 /* Build configuration list for PBXNativeTarget "Ella xcode pageTests" */;
			buildPhases = (
				8D3A0F0E1E5A235A00D94E04 /* Sources */,
				8D3A0F0F1E5A235A00D94E04 /* Frameworks */,
				8D3A0F101E5A235A00D94E04 /* Resources */,
			);
			buildRules = (
			);
			dependencies = (
				8D3A0F141E5A235A00D94E04 /* PBXTargetDependency */,
			);
			name = "Ella xcode pageTests";
			productName = "Ella xcode pageTests";
			productReference = 8D3A0F121E5A235A00D94E04 /* Ella xcode pageTests.xctest */;
			productType = "com.apple.product-type.bundle.unit-test";
		};
		8D3A0F1C1E5A235A00D94E04 /* Ella xcode pageUITests */ = {
			isa = PBXNativeTarget;
			buildConfigurationList = 8D3A0F2C1E5A235B00D94E04 /* Build configuration list for PBXNativeTarget "Ella xcode pageUITests" */;
			buildPhases = (
				8D3A0F191E5A235A00D94E04 /* Sources */,
				8D3A0F1A1E5A235A00D94E04 /* Frameworks */,
				8D3A0F1B1E5A235A00D94E04 /* Resources */,
			);
			buildRules = (
			);
			dependencies = (
				8D3A0F1F1E5A235A00D94E04 /* PBXTargetDependency */,
			);
			name = "Ella xcode pageUITests";
			productName = "Ella xcode pageUITests";
			productReference = 8D3A0F1D1E5A235A00D94E04 /* Ella xcode pageUITests.xctest */;
			productType = "com.apple.product-type.bundle.ui-testing";
		};
/* End PBXNativeTarget section */

/* Begin PBXProject section */
		8D3A0EF61E5A235A00D94E04 /* Project object */ = {
			isa = PBXProject;
			attributes = {
				LastSwiftUpdateCheck = 0720;
				LastUpgradeCheck = 0720;
				ORGANIZATIONNAME = "Angela Rubin";
				TargetAttributes = {
					8D3A0EFD1E5A235A00D94E04 = {
						CreatedOnToolsVersion = 7.2;
					};
					8D3A0F111E5A235A00D94E04 = {
						CreatedOnToolsVersion = 7.2;
						TestTargetID = 8D3A0EFD1E5A235A00D94E04;
					};
					8D3A0F1C1E5A235A00D94E04 = {
						CreatedOnToolsVersion = 7.2;
						TestTargetID = 8D3A0EFD1E5A235A00D94E04;
					};
				};
			};
			buildConfigurationList = 8D3A0EF91E5A235A00D94E04 /* Build configuration list for PBXProject "Ella xcode page" */;
			compatibilityVersion = "Xcode 3.2";
			developmentRegion = English;
			hasScannedForEncodings = 0;
			knownRegions = (
				en,
				Base,
			);
			mainGroup = 8D3A0EF51E5A235A00D94E04;
			productRefGroup = 8D3A0EFF1E5A235A00D94E04 /* Products */;
			projectDirPath = "";
			projectRoot = "";
			targets = (
				8D3A0EFD1E5A235A00D94E04 /* Ella xcode page */,
				8D3A0F111E5A235A00D94E04 /* Ella xcode pageTests */,
				8D3A0F1C1E5A235A00D94E04 /* Ella xcode pageUITests */,
			);
		};
/* End PBXProject section */

/* Begin PBXResourcesBuildPhase section */
		8D3A0EFC1E5A235A00D94E04 /* Resources */ = {
			isa = PBXResourcesBuildPhase;
			buildActionMask = 2147483647;
			files = (
				8D3A0F0C1E5A235A00D94E04 /* LaunchScreen.storyboard in Resources */,
				8D3A0F091E5A235A00D94E04 /* Assets.xcassets in Resources */,
				8D3A0F071E5A235A00D94E04 /* Main.storyboard in Resources */,
			);
			runOnlyForDeploymentPostprocessing = 0;
		};
		8D3A0F101E5A235A00D94E04 /* Resources */ = {
			isa = PBXResourcesBuildPhase;
			buildActionMask = 2147483647;
			files = (
			);
			runOnlyForDeploymentPostprocessing = 0;
		};
		8D3A0F1B1E5A235A00D94E04 /* Resources */ = {
			isa = PBXResourcesBuildPhase;
			buildActionMask = 2147483647;
			files = (
			);
			runOnlyForDeploymentPostprocessing = 0;
		};
/* End PBXResourcesBuildPhase section */

/* Begin PBXSourcesBuildPhase section */
		8D3A0EFA1E5A235A00D94E04 /* Sources */ = {
			isa = PBXSourcesBuildPhase;
			buildActionMask = 2147483647;
			files = (
				8D3A0F041E5A235A00D94E04 /* ViewController.swift in Sources */,
				8D3A0F021E5A235A00D94E04 /* AppDelegate.swift in Sources */,
			);
			runOnlyForDeploymentPostprocessing = 0;
		};
		8D3A0F0E1E5A235A00D94E04 /* Sources */ = {
			isa = PBXSourcesBuildPhase;
			buildActionMask = 2147483647;
			files = (
				8D3A0F171E5A235A00D94E04 /* Ella_xcode_pageTests.swift in Sources */,
			);
			runOnlyForDeploymentPostprocessing = 0;
		};
		8D3A0F191E5A235A00D94E04 /* Sources */ = {
			isa = PBXSourcesBuildPhase;
			buildActionMask = 2147483647;
			files = (
				8D3A0F221E5A235A00D94E04 /* Ella_xcode_pageUITests.swift in Sources */,
			);
			runOnlyForDeploymentPostprocessing = 0;
		};
/* End PBXSourcesBuildPhase section */

/* Begin PBXTargetDependency section */
		8D3A0F141E5A235A00D94E04 /* PBXTargetDependency */ = {
			isa = PBXTargetDependency;
			target = 8D3A0EFD1E5A235A00D94E04 /* Ella xcode page */;
			targetProxy = 8D3A0F131E5A235A00D94E04 /* PBXContainerItemProxy */;
		};
		8D3A0F1F1E5A235A00D94E04 /* PBXTargetDependency */ = {
			isa = PBXTargetDependency;
			target = 8D3A0EFD1E5A235A00D94E04 /* Ella xcode page */;
			targetProxy = 8D3A0F1E1E5A235A00D94E04 /* PBXContainerItemProxy */;
		};
/* End PBXTargetDependency section */

/* Begin PBXVariantGroup section */
		8D3A0F051E5A235A00D94E04 /* Main.storyboard */ = {
			isa = PBXVariantGroup;
			children = (
				8D3A0F061E5A235A00D94E04 /* Base */,
			);
			name = Main.storyboard;
			sourceTree = "<group>";
		};
		8D3A0F0A1E5A235A00D94E04 /* LaunchScreen.storyboard */ = {
			isa = PBXVariantGroup;
			children = (
				8D3A0F0B1E5A235A00D94E04 /* Base */,
			);
			name = LaunchScreen.storyboard;
			sourceTree = "<group>";
		};
/* End PBXVariantGroup section */

/* Begin XCBuildConfiguration section */
		8D3A0F241E5A235B00D94E04 /* Debug */ = {
			isa = XCBuildConfiguration;
			buildSettings = {
				ALWAYS_SEARCH_USER_PATHS = NO;
				CLANG_CXX_LANGUAGE_STANDARD = "gnu++0x";
				CLANG_CXX_LIBRARY = "libc++";
				CLANG_ENABLE_MODULES = YES;
				CLANG_ENABLE_OBJC_ARC = YES;
				CLANG_WARN_BOOL_CONVERSION = YES;
				CLANG_WARN_CONSTANT_CONVERSION = YES;
				CLANG_WARN_DIRECT_OBJC_ISA_USAGE = YES_ERROR;
				CLANG_WARN_EMPTY_BODY = YES;
				CLANG_WARN_ENUM_CONVERSION = YES;
				CLANG_WARN_INT_CONVERSION = YES;
				CLANG_WARN_OBJC_ROOT_CLASS = YES_ERROR;
				CLANG_WARN_UNREACHABLE_CODE = YES;
				CLANG_WARN__DUPLICATE_METHOD_MATCH = YES;
				"CODE_SIGN_IDENTITY[sdk=iphoneos*]" = "iPhone Developer";
				COPY_PHASE_STRIP = NO;
				DEBUG_INFORMATION_FORMAT = dwarf;
				ENABLE_STRICT_OBJC_MSGSEND = YES;
				ENABLE_TESTABILITY = YES;
				GCC_C_LANGUAGE_STANDARD = gnu99;
				GCC_DYNAMIC_NO_PIC = NO;
				GCC_NO_COMMON_BLOCKS = YES;
				GCC_OPTIMIZATION_LEVEL = 0;
				GCC_PREPROCESSOR_DEFINITIONS = (
					"DEBUG=1",
					"$(inherited)",
				);
				GCC_WARN_64_TO_32_BIT_CONVERSION = YES;
				GCC_WARN_ABOUT_RETURN_TYPE = YES_ERROR;
				GCC_WARN_UNDECLARED_SELECTOR = YES;
				GCC_WARN_UNINITIALIZED_AUTOS = YES_AGGRESSIVE;
				GCC_WARN_UNUSED_FUNCTION = YES;
				GCC_WARN_UNUSED_VARIABLE = YES;
				IPHONEOS_DEPLOYMENT_TARGET = 9.2;
				MTL_ENABLE_DEBUG_INFO = YES;
				ONLY_ACTIVE_ARCH = YES;
				SDKROOT = iphoneos;
				SWIFT_OPTIMIZATION_LEVEL = "-Onone";
				TARGETED_DEVICE_FAMILY = "1,2";
			};
			name = Debug;
		};
		8D3A0F251E5A235B00D94E04 /* Release */ = {
			isa = XCBuildConfiguration;
			buildSettings = {
				ALWAYS_SEARCH_USER_PATHS = NO;
				CLANG_CXX_LANGUAGE_STANDARD = "gnu++0x";
				CLANG_CXX_LIBRARY = "libc++";
				CLANG_ENABLE_MODULES = YES;
				CLANG_ENABLE_OBJC_ARC = YES;
				CLANG_WARN_BOOL_CONVERSION = YES;
				CLANG_WARN_CONSTANT_CONVERSION = YES;
				CLANG_WARN_DIRECT_OBJC_ISA_USAGE = YES_ERROR;
				CLANG_WARN_EMPTY_BODY = YES;
				CLANG_WARN_ENUM_CONVERSION = YES;
				CLANG_WARN_INT_CONVERSION = YES;
				CLANG_WARN_OBJC_ROOT_CLASS = YES_ERROR;
				CLANG_WARN_UNREACHABLE_CODE = YES;
				CLANG_WARN__DUPLICATE_METHOD_MATCH = YES;
				"CODE_SIGN_IDENTITY[sdk=iphoneos*]" = "iPhone Developer";
				COPY_PHASE_STRIP = NO;
				DEBUG_INFORMATION_FORMAT = "dwarf-with-dsym";
				ENABLE_NS_ASSERTIONS = NO;
				ENABLE_STRICT_OBJC_MSGSEND = YES;
				GCC_C_LANGUAGE_STANDARD = gnu99;
				GCC_NO_COMMON_BLOCKS = YES;
				GCC_WARN_64_TO_32_BIT_CONVERSION = YES;
				GCC_WARN_ABOUT_RETURN_TYPE = YES_ERROR;
				GCC_WARN_UNDECLARED_SELECTOR = YES;
				GCC_WARN_UNINITIALIZED_AUTOS = YES_AGGRESSIVE;
				GCC_WARN_UNUSED_FUNCTION = YES;
				GCC_WARN_UNUSED_VARIABLE = YES;
				IPHONEOS_DEPLOYMENT_TARGET = 9.2;
				MTL_ENABLE_DEBUG_INFO = NO;
				SDKROOT = iphoneos;
				TARGETED_DEVICE_FAMILY = "1,2";
				VALIDATE_PRODUCT = YES;
			};
			name = Release;
		};
		8D3A0F271E5A235B00D94E04 /* Debug */ = {
			isa = XCBuildConfiguration;
			buildSettings = {
				ASSETCATALOG_COMPILER_APPICON_NAME = AppIcon;
				INFOPLIST_FILE = "Ella xcode page/Info.plist";
				LD_RUNPATH_SEARCH_PATHS = "$(inherited) @executable_path/Frameworks";
				PRODUCT_BUNDLE_IDENTIFIER = "Project-Ignite.Ella-xcode-page";
				PRODUCT_NAME = "$(TARGET_NAME)";
			};
			name = Debug;
		};
		8D3A0F281E5A235B00D94E04 /* Release */ = {
			isa = XCBuildConfiguration;
			buildSettings = {
				ASSETCATALOG_COMPILER_APPICON_NAME = AppIcon;
				INFOPLIST_FILE = "Ella xcode page/Info.plist";
				LD_RUNPATH_SEARCH_PATHS = "$(inherited) @executable_path/Frameworks";
				PRODUCT_BUNDLE_IDENTIFIER = "Project-Ignite.Ella-xcode-page";
				PRODUCT_NAME = "$(TARGET_NAME)";
			};
			name = Release;
		};
		8D3A0F2A1E5A235B00D94E04 /* Debug */ = {
			isa = XCBuildConfiguration;
			buildSettings = {
				BUNDLE_LOADER = "$(TEST_HOST)";
				INFOPLIST_FILE = "Ella xcode pageTests/Info.plist";
				LD_RUNPATH_SEARCH_PATHS = "$(inherited) @executable_path/Frameworks @loader_path/Frameworks";
				PRODUCT_BUNDLE_IDENTIFIER = "Project-Ignite.Ella-xcode-pageTests";
				PRODUCT_NAME = "$(TARGET_NAME)";
				TEST_HOST = "$(BUILT_PRODUCTS_DIR)/Ella xcode page.app/Ella xcode page";
			};
			name = Debug;
		};
		8D3A0F2B1E5A235B00D94E04 /* Release */ = {
			isa = XCBuildConfiguration;
			buildSettings = {
				BUNDLE_LOADER = "$(TEST_HOST)";
				INFOPLIST_FILE = "Ella xcode pageTests/Info.plist";
				LD_RUNPATH_SEARCH_PATHS = "$(inherited) @executable_path/Frameworks @loader_path/Frameworks";
				PRODUCT_BUNDLE_IDENTIFIER = "Project-Ignite.Ella-xcode-pageTests";
				PRODUCT_NAME = "$(TARGET_NAME)";
				TEST_HOST = "$(BUILT_PRODUCTS_DIR)/Ella xcode page.app/Ella xcode page";
			};
			name = Release;
		};
		8D3A0F2D1E5A235B00D94E04 /* Debug */ = {
			isa = XCBuildConfiguration;
			buildSettings = {
				INFOPLIST_FILE = "Ella xcode pageUITests/Info.plist";
				LD_RUNPATH_SEARCH_PATHS = "$(inherited) @executable_path/Frameworks @loader_path/Frameworks";
				PRODUCT_BUNDLE_IDENTIFIER = "Project-Ignite.Ella-xcode-pageUITests";
				PRODUCT_NAME = "$(TARGET_NAME)";
				TEST_TARGET_NAME = "Ella xcode page";
				USES_XCTRUNNER = YES;
			};
			name = Debug;
		};
		8D3A0F2E1E5A235B00D94E04 /* Release */ = {
			isa = XCBuildConfiguration;
			buildSettings = {
				INFOPLIST_FILE = "Ella xcode pageUITests/Info.plist";
				LD_RUNPATH_SEARCH_PATHS = "$(inherited) @executable_path/Frameworks @loader_path/Frameworks";
				PRODUCT_BUNDLE_IDENTIFIER = "Project-Ignite.Ella-xcode-pageUITests";
				PRODUCT_NAME = "$(TARGET_NAME)";
				TEST_TARGET_NAME = "Ella xcode page";
				USES_XCTRUNNER = YES;
			};
			name = Release;
		};
/* End XCBuildConfiguration section */

/* Begin XCConfigurationList section */
		8D3A0EF91E5A235A00D94E04 /* Build configuration list for PBXProject "Ella xcode page" */ = {
			isa = XCConfigurationList;
			buildConfigurations = (
				8D3A0F241E5A235B00D94E04 /* Debug */,
				8D3A0F251E5A235B00D94E04 /* Release */,
			);
			defaultConfigurationIsVisible = 0;
			defaultConfigurationName = Release;
		};
		8D3A0F261E5A235B00D94E04 /* Build configuration list for PBXNativeTarget "Ella xcode page" */ = {
			isa = XCConfigurationList;
			buildConfigurations = (
				8D3A0F271E5A235B00D94E04 /* Debug */,
				8D3A0F281E5A235B00D94E04 /* Release */,
			);
			defaultConfigurationIsVisible = 0;
		};
		8D3A0F291E5A235B00D94E04 /* Build configuration list for PBXNativeTarget "Ella xcode pageTests" */ = {
			isa = XCConfigurationList;
			buildConfigurations = (
				8D3A0F2A1E5A235B00D94E04 /* Debug */,
				8D3A0F2B1E5A235B00D94E04 /* Release */,
			);
			defaultConfigurationIsVisible = 0;
		};
		8D3A0F2C1E5A235B00D94E04 /* Build configuration list for PBXNativeTarget "Ella xcode pageUITests" */ = {
			isa = XCConfigurationList;
			buildConfigurations = (
				8D3A0F2D1E5A235B00D94E04 /* Debug */,
				8D3A0F2E1E5A235B00D94E04 /* Release */,
			);
			defaultConfigurationIsVisible = 0;
		};
/* End XCConfigurationList section */
	};
	rootObject = 8D3A0EF61E5A235A00D94E04 /* Project object */;
}
